{
  "version": 4,
  "terraform_version": "1.9.8",
  "serial": 22,
  "lineage": "b8742ea9-be5c-1616-ad45-07dfbe0be54c",
  "outputs": {},
  "resources": [
    {
      "mode": "managed",
      "type": "minio_s3_bucket",
      "name": "store_bucket",
      "provider": "provider[\"registry.terraform.io/aminueza/minio\"]",
      "instances": [
        {
          "schema_version": 0,
          "attributes": {
            "acl": "private",
            "arn": "arn:aws:s3:::store-bucket",
            "bucket": "store-bucket",
            "bucket_domain_name": "http://localhost:9000/minio/store-bucket",
            "bucket_prefix": null,
            "force_destroy": false,
            "id": "store-bucket",
            "object_locking": false,
            "quota": null
          },
          "sensitive_attributes": [],
          "private": "bnVsbA=="
        }
      ]
    },
    {
      "mode": "managed",
      "type": "minio_s3_object",
      "name": "json_objects",
      "provider": "provider[\"registry.terraform.io/aminueza/minio\"]",
      "instances": [
        {
          "index_key": "orders.json",
          "schema_version": 0,
          "attributes": {
            "bucket_name": "store-bucket",
            "content": null,
            "content_base64": null,
            "content_type": "application/json",
            "etag": "40e3934ee4676a068df2fd732fcd1542-1",
            "id": "orders.json",
            "object_name": "orders.json",
            "source": "./data/orders.json",
            "version_id": ""
          },
          "sensitive_attributes": [],
          "private": "bnVsbA==",
          "dependencies": [
            "minio_s3_bucket.store_bucket"
          ]
        },
        {
          "index_key": "products.json",
          "schema_version": 0,
          "attributes": {
            "bucket_name": "store-bucket",
            "content": null,
            "content_base64": null,
            "content_type": "application/json",
            "etag": "826561206e9f9133907234da393484c5-1",
            "id": "products.json",
            "object_name": "products.json",
            "source": "./data/products.json",
            "version_id": ""
          },
          "sensitive_attributes": [],
          "private": "bnVsbA==",
          "dependencies": [
            "minio_s3_bucket.store_bucket"
          ]
        },
        {
          "index_key": "reviews.json",
          "schema_version": 0,
          "attributes": {
            "bucket_name": "store-bucket",
            "content": null,
            "content_base64": null,
            "content_type": "application/json",
            "etag": "e60a927ed4669ce8820508c2dee96e3c-1",
            "id": "reviews.json",
            "object_name": "reviews.json",
            "source": "./data/reviews.json",
            "version_id": ""
          },
          "sensitive_attributes": [],
          "private": "bnVsbA==",
          "dependencies": [
            "minio_s3_bucket.store_bucket"
          ]
        },
        {
          "index_key": "users.json",
          "schema_version": 0,
          "attributes": {
            "bucket_name": "store-bucket",
            "content": null,
            "content_base64": null,
            "content_type": "application/json",
            "etag": "75c4a6176b6188e30fba80dba70b9b67-1",
            "id": "users.json",
            "object_name": "users.json",
            "source": "./data/users.json",
            "version_id": ""
          },
          "sensitive_attributes": [],
          "private": "bnVsbA==",
          "dependencies": [
            "minio_s3_bucket.store_bucket"
          ]
        }
      ]
    },
    {
      "mode": "managed",
      "type": "postgresql_database",
      "name": "analytic-db",
      "provider": "provider[\"registry.terraform.io/cyrilgdn/postgresql\"]",
      "instances": [
        {
          "schema_version": 0,
          "attributes": {
            "allow_connections": true,
            "alter_object_ownership": false,
            "connection_limit": -1,
            "encoding": "UTF8",
            "id": "analytics",
            "is_template": false,
            "lc_collate": "en_US.utf8",
            "lc_ctype": "en_US.utf8",
            "name": "analytics",
            "owner": "postgres",
            "tablespace_name": "pg_default",
            "template": "template0"
          },
          "sensitive_attributes": [],
          "private": "bnVsbA=="
        }
      ]
    }
  ],
  "check_results": null
}
